
Microsoft Visual Studio Solution File, Format Version 11.00
# Visual Studio 2010
Project("{FAE04EC0-301F-11D3-BF4B-00C04F79EFBC}") = "Assembly-CSharp", "Assembly-CSharp.csproj", "{91F3B0FE-26FF-287E-1D68-4AEC990CB8DB}"
EndProject
Project("{FAE04EC0-301F-11D3-BF4B-00C04F79EFBC}") = "Assembly-CSharp-Editor", "Assembly-CSharp-Editor.csproj", "{252E5EA6-63DE-CECB-B35E-DD44C9B522DF}"
EndProject
Global
	GlobalSection(SolutionConfigurationPlatforms) = preSolution
		Debug|Any CPU = Debug|Any CPU
		Release|Any CPU = Release|Any CPU
	EndGlobalSection
	GlobalSection(ProjectConfigurationPlatforms) = postSolution
		{91F3B0FE-26FF-287E-1D68-4AEC990CB8DB}.Debug|Any CPU.ActiveCfg = Debug|Any CPU
		{91F3B0FE-26FF-287E-1D68-4AEC990CB8DB}.Debug|Any CPU.Build.0 = Debug|Any CPU
		{91F3B0FE-26FF-287E-1D68-4AEC990CB8DB}.Release|Any CPU.ActiveCfg = Release|Any CPU
		{91F3B0FE-26FF-287E-1D68-4AEC990CB8DB}.Release|Any CPU.Build.0 = Release|Any CPU
		{252E5EA6-63DE-CECB-B35E-DD44C9B522DF}.Debug|Any CPU.ActiveCfg = Debug|Any CPU
		{252E5EA6-63DE-CECB-B35E-DD44C9B522DF}.Debug|Any CPU.Build.0 = Debug|Any CPU
		{252E5EA6-63DE-CECB-B35E-DD44C9B522DF}.Release|Any CPU.ActiveCfg = Release|Any CPU
		{252E5EA6-63DE-CECB-B35E-DD44C9B522DF}.Release|Any CPU.Build.0 = Release|Any CPU
	EndGlobalSection
	GlobalSection(SolutionProperties) = preSolution
		HideSolutionNode = FALSE
	EndGlobalSection
EndGlobal
